
Microsoft Visual Studio Solution File, Format Version 12.00
# Visual Studio Version 17
VisualStudioVersion = 17.8.34330.188
MinimumVisualStudioVersion = 10.0.40219.1
Project("{9A19103F-16F7-4668-BE54-9A1E7A4F7556}") = "Note", "Note\Note.csproj", "{59D48ADE-D4E5-4F5F-9689-8B6F098C8067}"
EndProject
Project("{9A19103F-16F7-4668-BE54-9A1E7A4F7556}") = "Text", "Rope\Text.csproj", "{98DD2B49-E6F0-43AE-9155-9FC215D463DE}"
EndProject
Project("{9A19103F-16F7-4668-BE54-9A1E7A4F7556}") = "Editor", "Editor\Editor.csproj", "{A3D1082D-436F-4860-A015-375E99FCC570}"
EndProject
Project("{9A19103F-16F7-4668-BE54-9A1E7A4F7556}") = "LanguageServer", "LanguageServer\LanguageServer.csproj", "{49A6B640-EC3B-401E-B45C-9799C30E9571}"
EndProject
Global
	GlobalSection(SolutionConfigurationPlatforms) = preSolution
		Debug|Any CPU = Debug|Any CPU
		Release|Any CPU = Release|Any CPU
	EndGlobalSection
	GlobalSection(ProjectConfigurationPlatforms) = postSolution
		{59D48ADE-D4E5-4F5F-9689-8B6F098C8067}.Debug|Any CPU.ActiveCfg = Debug|Any CPU
		{59D48ADE-D4E5-4F5F-9689-8B6F098C8067}.Debug|Any CPU.Build.0 = Debug|Any CPU
		{59D48ADE-D4E5-4F5F-9689-8B6F098C8067}.Release|Any CPU.ActiveCfg = Release|Any CPU
		{59D48ADE-D4E5-4F5F-9689-8B6F098C8067}.Release|Any CPU.Build.0 = Release|Any CPU
		{98DD2B49-E6F0-43AE-9155-9FC215D463DE}.Debug|Any CPU.ActiveCfg = Debug|Any CPU
		{98DD2B49-E6F0-43AE-9155-9FC215D463DE}.Debug|Any CPU.Build.0 = Debug|Any CPU
		{98DD2B49-E6F0-43AE-9155-9FC215D463DE}.Release|Any CPU.ActiveCfg = Release|Any CPU
		{98DD2B49-E6F0-43AE-9155-9FC215D463DE}.Release|Any CPU.Build.0 = Release|Any CPU
		{A3D1082D-436F-4860-A015-375E99FCC570}.Debug|Any CPU.ActiveCfg = Debug|Any CPU
		{A3D1082D-436F-4860-A015-375E99FCC570}.Debug|Any CPU.Build.0 = Debug|Any CPU
		{A3D1082D-436F-4860-A015-375E99FCC570}.Release|Any CPU.ActiveCfg = Release|Any CPU
		{A3D1082D-436F-4860-A015-375E99FCC570}.Release|Any CPU.Build.0 = Release|Any CPU
		{49A6B640-EC3B-401E-B45C-9799C30E9571}.Debug|Any CPU.ActiveCfg = Debug|Any CPU
		{49A6B640-EC3B-401E-B45C-9799C30E9571}.Debug|Any CPU.Build.0 = Debug|Any CPU
		{49A6B640-EC3B-401E-B45C-9799C30E9571}.Release|Any CPU.ActiveCfg = Release|Any CPU
		{49A6B640-EC3B-401E-B45C-9799C30E9571}.Release|Any CPU.Build.0 = Release|Any CPU
	EndGlobalSection
	GlobalSection(SolutionProperties) = preSolution
		HideSolutionNode = FALSE
	EndGlobalSection
	GlobalSection(ExtensibilityGlobals) = postSolution
		SolutionGuid = {52A892FC-D0E9-4DF8-B2C3-B9B42F931213}
	EndGlobalSection
EndGlobal
